
Microsoft Visual Studio Solution File, Format Version 12.00
# Visual Studio 2012
Project("{FAE04EC0-301F-11D3-BF4B-00C04F79EFBC}") = "Lab1", "Lab1\Lab1.csproj", "{AD418A88-09E2-4613-9637-3878889B9A72}"
EndProject
Project("{FAE04EC0-301F-11D3-BF4B-00C04F79EFBC}") = "Iterative Methods(Lab2)", "Iterative Methods(Lab2)\Iterative Methods(Lab2).csproj", "{522FD354-ABD8-49DF-AC75-913E8F792C59}"
EndProject
Project("{FAE04EC0-301F-11D3-BF4B-00C04F79EFBC}") = "Lab2", "Lab2\Lab2.csproj", "{46CA0A61-E168-46A7-95D5-873E2176065D}"
EndProject
Project("{FAE04EC0-301F-11D3-BF4B-00C04F79EFBC}") = "BadConditionedSLAE(lab3)", "BadConditionedSLAE\BadConditionedSLAE(lab3).csproj", "{576C36A8-D16E-4C92-8C10-122A50D23168}"
EndProject
Project("{FAE04EC0-301F-11D3-BF4B-00C04F79EFBC}") = "CommonAlgorithm", "CommonAlgorithm\CommonAlgorithm.csproj", "{7C788E29-19C9-4E1E-A229-078936EB3533}"
EndProject
Project("{FAE04EC0-301F-11D3-BF4B-00C04F79EFBC}") = "TestProject", "TestProject\TestProject.csproj", "{3F7BF5C2-0162-48D1-913F-70C0FF96F927}"
EndProject
Project("{8BC9CEB8-8B4A-11D0-8D11-00A0C91BC942}") = "Lab4Newton", "TespAppCPP\TespAppCPP.vcxproj", "{74F47444-7E2F-4FCB-95AD-BBC992768C05}"
EndProject
Project("{FAE04EC0-301F-11D3-BF4B-00C04F79EFBC}") = "NonlinearSolve(Lab4a)", "NonlinearSolve(Lab4a)\NonlinearSolve(Lab4a).csproj", "{83303FA4-F8FA-4A9E-94F2-EFDBC172BB67}"
EndProject
Project("{FAE04EC0-301F-11D3-BF4B-00C04F79EFBC}") = "SimpleIterationForNonlinear", "Lab4SimpleIterationForNonlinear\SimpleIterationForNonlinear.csproj", "{A2605E14-779E-420E-BF1F-13B5AABB1CF8}"
EndProject
Global
	GlobalSection(SolutionConfigurationPlatforms) = preSolution
		Debug|Any CPU = Debug|Any CPU
		Debug|Mixed Platforms = Debug|Mixed Platforms
		Debug|Win32 = Debug|Win32
		Release|Any CPU = Release|Any CPU
		Release|Mixed Platforms = Release|Mixed Platforms
		Release|Win32 = Release|Win32
	EndGlobalSection
	GlobalSection(ProjectConfigurationPlatforms) = postSolution
		{AD418A88-09E2-4613-9637-3878889B9A72}.Debug|Any CPU.ActiveCfg = Debug|Any CPU
		{AD418A88-09E2-4613-9637-3878889B9A72}.Debug|Any CPU.Build.0 = Debug|Any CPU
		{AD418A88-09E2-4613-9637-3878889B9A72}.Debug|Mixed Platforms.ActiveCfg = Debug|Any CPU
		{AD418A88-09E2-4613-9637-3878889B9A72}.Debug|Mixed Platforms.Build.0 = Debug|Any CPU
		{AD418A88-09E2-4613-9637-3878889B9A72}.Debug|Win32.ActiveCfg = Debug|Any CPU
		{AD418A88-09E2-4613-9637-3878889B9A72}.Release|Any CPU.ActiveCfg = Release|Any CPU
		{AD418A88-09E2-4613-9637-3878889B9A72}.Release|Any CPU.Build.0 = Release|Any CPU
		{AD418A88-09E2-4613-9637-3878889B9A72}.Release|Mixed Platforms.ActiveCfg = Release|Any CPU
		{AD418A88-09E2-4613-9637-3878889B9A72}.Release|Mixed Platforms.Build.0 = Release|Any CPU
		{AD418A88-09E2-4613-9637-3878889B9A72}.Release|Win32.ActiveCfg = Release|Any CPU
		{522FD354-ABD8-49DF-AC75-913E8F792C59}.Debug|Any CPU.ActiveCfg = Debug|Any CPU
		{522FD354-ABD8-49DF-AC75-913E8F792C59}.Debug|Any CPU.Build.0 = Debug|Any CPU
		{522FD354-ABD8-49DF-AC75-913E8F792C59}.Debug|Mixed Platforms.ActiveCfg = Debug|Any CPU
		{522FD354-ABD8-49DF-AC75-913E8F792C59}.Debug|Mixed Platforms.Build.0 = Debug|Any CPU
		{522FD354-ABD8-49DF-AC75-913E8F792C59}.Debug|Win32.ActiveCfg = Debug|Any CPU
		{522FD354-ABD8-49DF-AC75-913E8F792C59}.Release|Any CPU.ActiveCfg = Release|Any CPU
		{522FD354-ABD8-49DF-AC75-913E8F792C59}.Release|Any CPU.Build.0 = Release|Any CPU
		{522FD354-ABD8-49DF-AC75-913E8F792C59}.Release|Mixed Platforms.ActiveCfg = Release|Any CPU
		{522FD354-ABD8-49DF-AC75-913E8F792C59}.Release|Mixed Platforms.Build.0 = Release|Any CPU
		{522FD354-ABD8-49DF-AC75-913E8F792C59}.Release|Win32.ActiveCfg = Release|Any CPU
		{46CA0A61-E168-46A7-95D5-873E2176065D}.Debug|Any CPU.ActiveCfg = Debug|Any CPU
		{46CA0A61-E168-46A7-95D5-873E2176065D}.Debug|Any CPU.Build.0 = Debug|Any CPU
		{46CA0A61-E168-46A7-95D5-873E2176065D}.Debug|Mixed Platforms.ActiveCfg = Debug|Any CPU
		{46CA0A61-E168-46A7-95D5-873E2176065D}.Debug|Mixed Platforms.Build.0 = Debug|Any CPU
		{46CA0A61-E168-46A7-95D5-873E2176065D}.Debug|Win32.ActiveCfg = Debug|Any CPU
		{46CA0A61-E168-46A7-95D5-873E2176065D}.Release|Any CPU.ActiveCfg = Release|Any CPU
		{46CA0A61-E168-46A7-95D5-873E2176065D}.Release|Any CPU.Build.0 = Release|Any CPU
		{46CA0A61-E168-46A7-95D5-873E2176065D}.Release|Mixed Platforms.ActiveCfg = Release|Any CPU
		{46CA0A61-E168-46A7-95D5-873E2176065D}.Release|Mixed Platforms.Build.0 = Release|Any CPU
		{46CA0A61-E168-46A7-95D5-873E2176065D}.Release|Win32.ActiveCfg = Release|Any CPU
		{576C36A8-D16E-4C92-8C10-122A50D23168}.Debug|Any CPU.ActiveCfg = Debug|Any CPU
		{576C36A8-D16E-4C92-8C10-122A50D23168}.Debug|Any CPU.Build.0 = Debug|Any CPU
		{576C36A8-D16E-4C92-8C10-122A50D23168}.Debug|Mixed Platforms.ActiveCfg = Debug|Any CPU
		{576C36A8-D16E-4C92-8C10-122A50D23168}.Debug|Mixed Platforms.Build.0 = Debug|Any CPU
		{576C36A8-D16E-4C92-8C10-122A50D23168}.Debug|Win32.ActiveCfg = Debug|Any CPU
		{576C36A8-D16E-4C92-8C10-122A50D23168}.Release|Any CPU.ActiveCfg = Release|Any CPU
		{576C36A8-D16E-4C92-8C10-122A50D23168}.Release|Any CPU.Build.0 = Release|Any CPU
		{576C36A8-D16E-4C92-8C10-122A50D23168}.Release|Mixed Platforms.ActiveCfg = Release|Any CPU
		{576C36A8-D16E-4C92-8C10-122A50D23168}.Release|Mixed Platforms.Build.0 = Release|Any CPU
		{576C36A8-D16E-4C92-8C10-122A50D23168}.Release|Win32.ActiveCfg = Release|Any CPU
		{7C788E29-19C9-4E1E-A229-078936EB3533}.Debug|Any CPU.ActiveCfg = Debug|Any CPU
		{7C788E29-19C9-4E1E-A229-078936EB3533}.Debug|Any CPU.Build.0 = Debug|Any CPU
		{7C788E29-19C9-4E1E-A229-078936EB3533}.Debug|Mixed Platforms.ActiveCfg = Debug|Any CPU
		{7C788E29-19C9-4E1E-A229-078936EB3533}.Debug|Mixed Platforms.Build.0 = Debug|Any CPU
		{7C788E29-19C9-4E1E-A229-078936EB3533}.Debug|Win32.ActiveCfg = Debug|Any CPU
		{7C788E29-19C9-4E1E-A229-078936EB3533}.Release|Any CPU.ActiveCfg = Release|Any CPU
		{7C788E29-19C9-4E1E-A229-078936EB3533}.Release|Any CPU.Build.0 = Release|Any CPU
		{7C788E29-19C9-4E1E-A229-078936EB3533}.Release|Mixed Platforms.ActiveCfg = Release|Any CPU
		{7C788E29-19C9-4E1E-A229-078936EB3533}.Release|Mixed Platforms.Build.0 = Release|Any CPU
		{7C788E29-19C9-4E1E-A229-078936EB3533}.Release|Win32.ActiveCfg = Release|Any CPU
		{3F7BF5C2-0162-48D1-913F-70C0FF96F927}.Debug|Any CPU.ActiveCfg = Debug|Any CPU
		{3F7BF5C2-0162-48D1-913F-70C0FF96F927}.Debug|Any CPU.Build.0 = Debug|Any CPU
		{3F7BF5C2-0162-48D1-913F-70C0FF96F927}.Debug|Mixed Platforms.ActiveCfg = Debug|Any CPU
		{3F7BF5C2-0162-48D1-913F-70C0FF96F927}.Debug|Mixed Platforms.Build.0 = Debug|Any CPU
		{3F7BF5C2-0162-48D1-913F-70C0FF96F927}.Debug|Win32.ActiveCfg = Debug|Any CPU
		{3F7BF5C2-0162-48D1-913F-70C0FF96F927}.Release|Any CPU.ActiveCfg = Release|Any CPU
		{3F7BF5C2-0162-48D1-913F-70C0FF96F927}.Release|Any CPU.Build.0 = Release|Any CPU
		{3F7BF5C2-0162-48D1-913F-70C0FF96F927}.Release|Mixed Platforms.ActiveCfg = Release|Any CPU
		{3F7BF5C2-0162-48D1-913F-70C0FF96F927}.Release|Mixed Platforms.Build.0 = Release|Any CPU
		{3F7BF5C2-0162-48D1-913F-70C0FF96F927}.Release|Win32.ActiveCfg = Release|Any CPU
		{74F47444-7E2F-4FCB-95AD-BBC992768C05}.Debug|Any CPU.ActiveCfg = Debug|Win32
		{74F47444-7E2F-4FCB-95AD-BBC992768C05}.Debug|Mixed Platforms.ActiveCfg = Debug|Win32
		{74F47444-7E2F-4FCB-95AD-BBC992768C05}.Debug|Mixed Platforms.Build.0 = Debug|Win32
		{74F47444-7E2F-4FCB-95AD-BBC992768C05}.Debug|Win32.ActiveCfg = Debug|Win32
		{74F47444-7E2F-4FCB-95AD-BBC992768C05}.Debug|Win32.Build.0 = Debug|Win32
		{74F47444-7E2F-4FCB-95AD-BBC992768C05}.Release|Any CPU.ActiveCfg = Release|Win32
		{74F47444-7E2F-4FCB-95AD-BBC992768C05}.Release|Mixed Platforms.ActiveCfg = Release|Win32
		{74F47444-7E2F-4FCB-95AD-BBC992768C05}.Release|Mixed Platforms.Build.0 = Release|Win32
		{74F47444-7E2F-4FCB-95AD-BBC992768C05}.Release|Win32.ActiveCfg = Release|Win32
		{74F47444-7E2F-4FCB-95AD-BBC992768C05}.Release|Win32.Build.0 = Release|Win32
		{83303FA4-F8FA-4A9E-94F2-EFDBC172BB67}.Debug|Any CPU.ActiveCfg = Debug|Any CPU
		{83303FA4-F8FA-4A9E-94F2-EFDBC172BB67}.Debug|Any CPU.Build.0 = Debug|Any CPU
		{83303FA4-F8FA-4A9E-94F2-EFDBC172BB67}.Debug|Mixed Platforms.ActiveCfg = Debug|Any CPU
		{83303FA4-F8FA-4A9E-94F2-EFDBC172BB67}.Debug|Mixed Platforms.Build.0 = Debug|Any CPU
		{83303FA4-F8FA-4A9E-94F2-EFDBC172BB67}.Debug|Win32.ActiveCfg = Debug|Any CPU
		{83303FA4-F8FA-4A9E-94F2-EFDBC172BB67}.Release|Any CPU.ActiveCfg = Release|Any CPU
		{83303FA4-F8FA-4A9E-94F2-EFDBC172BB67}.Release|Any CPU.Build.0 = Release|Any CPU
		{83303FA4-F8FA-4A9E-94F2-EFDBC172BB67}.Release|Mixed Platforms.ActiveCfg = Release|Any CPU
		{83303FA4-F8FA-4A9E-94F2-EFDBC172BB67}.Release|Mixed Platforms.Build.0 = Release|Any CPU
		{83303FA4-F8FA-4A9E-94F2-EFDBC172BB67}.Release|Win32.ActiveCfg = Release|Any CPU
		{A2605E14-779E-420E-BF1F-13B5AABB1CF8}.Debug|Any CPU.ActiveCfg = Debug|Any CPU
		{A2605E14-779E-420E-BF1F-13B5AABB1CF8}.Debug|Any CPU.Build.0 = Debug|Any CPU
		{A2605E14-779E-420E-BF1F-13B5AABB1CF8}.Debug|Mixed Platforms.ActiveCfg = Debug|Any CPU
		{A2605E14-779E-420E-BF1F-13B5AABB1CF8}.Debug|Mixed Platforms.Build.0 = Debug|Any CPU
		{A2605E14-779E-420E-BF1F-13B5AABB1CF8}.Debug|Win32.ActiveCfg = Debug|Any CPU
		{A2605E14-779E-420E-BF1F-13B5AABB1CF8}.Release|Any CPU.ActiveCfg = Release|Any CPU
		{A2605E14-779E-420E-BF1F-13B5AABB1CF8}.Release|Any CPU.Build.0 = Release|Any CPU
		{A2605E14-779E-420E-BF1F-13B5AABB1CF8}.Release|Mixed Platforms.ActiveCfg = Release|Any CPU
		{A2605E14-779E-420E-BF1F-13B5AABB1CF8}.Release|Mixed Platforms.Build.0 = Release|Any CPU
		{A2605E14-779E-420E-BF1F-13B5AABB1CF8}.Release|Win32.ActiveCfg = Release|Any CPU
	EndGlobalSection
	GlobalSection(SolutionProperties) = preSolution
		HideSolutionNode = FALSE
	EndGlobalSection
EndGlobal
